// !$*UTF8*$!
{
	archiveVersion = 1;
	classes = {
	};
	objectVersion = 56;
	objects = {

/* Begin PBXBuildFile section */
		9D3B11C329BB7E510064FEAF /* RSSReaderApp.swift in Sources */ = {isa = PBXBuildFile; fileRef = 9D3B11C229BB7E510064FEAF /* RSSReaderApp.swift */; };
		9D3B11C529BB7E510064FEAF /* ContentView.swift in Sources */ = {isa = PBXBuildFile; fileRef = 9D3B11C429BB7E510064FEAF /* ContentView.swift */; };
		9D3B11C729BB7E520064FEAF /* Assets.xcassets in Resources */ = {isa = PBXBuildFile; fileRef = 9D3B11C629BB7E520064FEAF /* Assets.xcassets */; };
		9D3B11CA29BB7E520064FEAF /* Preview Assets.xcassets in Resources */ = {isa = PBXBuildFile; fileRef = 9D3B11C929BB7E520064FEAF /* Preview Assets.xcassets */; };
		9D3B11D129BB7F400064FEAF /* HomeView.swift in Sources */ = {isa = PBXBuildFile; fileRef = 9D3B11D029BB7F400064FEAF /* HomeView.swift */; };
		9D3B11D429BB86390064FEAF /* FeedKit in Frameworks */ = {isa = PBXBuildFile; productRef = 9D3B11D329BB86390064FEAF /* FeedKit */; };
		9D3B11D629BB86810064FEAF /* RSSRepository.swift in Sources */ = {isa = PBXBuildFile; fileRef = 9D3B11D529BB86810064FEAF /* RSSRepository.swift */; };
		9D3B11DA29BCBA490064FEAF /* RSSFeed.swift in Sources */ = {isa = PBXBuildFile; fileRef = 9D3B11D929BCBA490064FEAF /* RSSFeed.swift */; };
		9D3B11DD29BCBB380064FEAF /* HomViewModel.swift in Sources */ = {isa = PBXBuildFile; fileRef = 9D3B11DC29BCBB380064FEAF /* HomViewModel.swift */; };
		9D3B11DF29BCC4680064FEAF /* Logger.swift in Sources */ = {isa = PBXBuildFile; fileRef = 9D3B11DE29BCC4680064FEAF /* Logger.swift */; };
		9D3B11E129BCF92C0064FEAF /* FeedsView.swift in Sources */ = {isa = PBXBuildFile; fileRef = 9D3B11E029BCF92C0064FEAF /* FeedsView.swift */; };
		9D3B11E329BE1DDE0064FEAF /* FeedContentView.swift in Sources */ = {isa = PBXBuildFile; fileRef = 9D3B11E229BE1DDE0064FEAF /* FeedContentView.swift */; };
		9D3B11E529BE20E50064FEAF /* NetworkDataSource.swift in Sources */ = {isa = PBXBuildFile; fileRef = 9D3B11E429BE20E50064FEAF /* NetworkDataSource.swift */; };
		9D3B11E729BE20FB0064FEAF /* CacheDataSource.swift in Sources */ = {isa = PBXBuildFile; fileRef = 9D3B11E629BE20FB0064FEAF /* CacheDataSource.swift */; };
		9D3B11E929C3622D0064FEAF /* UIImage+Icon.swift in Sources */ = {isa = PBXBuildFile; fileRef = 9D3B11E829C3622D0064FEAF /* UIImage+Icon.swift */; };
/* End PBXBuildFile section */

/* Begin PBXFileReference section */
		9D3B11BF29BB7E510064FEAF /* RSSReader.app */ = {isa = PBXFileReference; explicitFileType = wrapper.application; includeInIndex = 0; path = RSSReader.app; sourceTree = BUILT_PRODUCTS_DIR; };
		9D3B11C229BB7E510064FEAF /* RSSReaderApp.swift */ = {isa = PBXFileReference; lastKnownFileType = sourcecode.swift; path = RSSReaderApp.swift; sourceTree = "<group>"; };
		9D3B11C429BB7E510064FEAF /* ContentView.swift */ = {isa = PBXFileReference; lastKnownFileType = sourcecode.swift; path = ContentView.swift; sourceTree = "<group>"; };
		9D3B11C629BB7E520064FEAF /* Assets.xcassets */ = {isa = PBXFileReference; lastKnownFileType = folder.assetcatalog; path = Assets.xcassets; sourceTree = "<group>"; };
		9D3B11C929BB7E520064FEAF /* Preview Assets.xcassets */ = {isa = PBXFileReference; lastKnownFileType = folder.assetcatalog; path = "Preview Assets.xcassets"; sourceTree = "<group>"; };
		9D3B11D029BB7F400064FEAF /* HomeView.swift */ = {isa = PBXFileReference; lastKnownFileType = sourcecode.swift; path = HomeView.swift; sourceTree = "<group>"; };
		9D3B11D529BB86810064FEAF /* RSSRepository.swift */ = {isa = PBXFileReference; lastKnownFileType = sourcecode.swift; path = RSSRepository.swift; sourceTree = "<group>"; };
		9D3B11D929BCBA490064FEAF /* RSSFeed.swift */ = {isa = PBXFileReference; lastKnownFileType = sourcecode.swift; path = RSSFeed.swift; sourceTree = "<group>"; };
		9D3B11DC29BCBB380064FEAF /* HomViewModel.swift */ = {isa = PBXFileReference; lastKnownFileType = sourcecode.swift; path = HomViewModel.swift; sourceTree = "<group>"; };
		9D3B11DE29BCC4680064FEAF /* Logger.swift */ = {isa = PBXFileReference; lastKnownFileType = sourcecode.swift; path = Logger.swift; sourceTree = "<group>"; };
		9D3B11E029BCF92C0064FEAF /* FeedsView.swift */ = {isa = PBXFileReference; lastKnownFileType = sourcecode.swift; path = FeedsView.swift; sourceTree = "<group>"; };
		9D3B11E229BE1DDE0064FEAF /* FeedContentView.swift */ = {isa = PBXFileReference; lastKnownFileType = sourcecode.swift; path = FeedContentView.swift; sourceTree = "<group>"; };
		9D3B11E429BE20E50064FEAF /* NetworkDataSource.swift */ = {isa = PBXFileReference; lastKnownFileType = sourcecode.swift; path = NetworkDataSource.swift; sourceTree = "<group>"; };
		9D3B11E629BE20FB0064FEAF /* CacheDataSource.swift */ = {isa = PBXFileReference; lastKnownFileType = sourcecode.swift; path = CacheDataSource.swift; sourceTree = "<group>"; };
		9D3B11E829C3622D0064FEAF /* UIImage+Icon.swift */ = {isa = PBXFileReference; lastKnownFileType = sourcecode.swift; path = "UIImage+Icon.swift"; sourceTree = "<group>"; };
/* End PBXFileReference section */

/* Begin PBXFrameworksBuildPhase section */
		9D3B11BC29BB7E510064FEAF /* Frameworks */ = {
			isa = PBXFrameworksBuildPhase;
			buildActionMask = 2147483647;
			files = (
				9D3B11D429BB86390064FEAF /* FeedKit in Frameworks */,
			);
			runOnlyForDeploymentPostprocessing = 0;
		};
/* End PBXFrameworksBuildPhase section */

/* Begin PBXGroup section */
		9D3B11B629BB7E510064FEAF = {
			isa = PBXGroup;
			children = (
				9D3B11C129BB7E510064FEAF /* RSSReader */,
				9D3B11C029BB7E510064FEAF /* Products */,
			);
			sourceTree = "<group>";
		};
		9D3B11C029BB7E510064FEAF /* Products */ = {
			isa = PBXGroup;
			children = (
				9D3B11BF29BB7E510064FEAF /* RSSReader.app */,
			);
			name = Products;
			sourceTree = "<group>";
		};
		9D3B11C129BB7E510064FEAF /* RSSReader */ = {
			isa = PBXGroup;
			children = (
				9D3B11D729BCB9380064FEAF /* UILayer */,
				9D3B11D829BCB9570064FEAF /* DataLayer */,
				9D3B11C629BB7E520064FEAF /* Assets.xcassets */,
				9D3B11C829BB7E520064FEAF /* Preview Content */,
				9D3B11DE29BCC4680064FEAF /* Logger.swift */,
			);
			path = RSSReader;
			sourceTree = "<group>";
		};
		9D3B11C829BB7E520064FEAF /* Preview Content */ = {
			isa = PBXGroup;
			children = (
				9D3B11C929BB7E520064FEAF /* Preview Assets.xcassets */,
			);
			path = "Preview Content";
			sourceTree = "<group>";
		};
		9D3B11D729BCB9380064FEAF /* UILayer */ = {
			isa = PBXGroup;
			children = (
				9D3B11DB29BCBB290064FEAF /* UIState */,
				9D3B11C229BB7E510064FEAF /* RSSReaderApp.swift */,
				9D3B11C429BB7E510064FEAF /* ContentView.swift */,
				9D3B11D029BB7F400064FEAF /* HomeView.swift */,
				9D3B11E029BCF92C0064FEAF /* FeedsView.swift */,
				9D3B11E229BE1DDE0064FEAF /* FeedContentView.swift */,
				9D3B11E829C3622D0064FEAF /* UIImage+Icon.swift */,
			);
			path = UILayer;
			sourceTree = "<group>";
		};
		9D3B11D829BCB9570064FEAF /* DataLayer */ = {
			isa = PBXGroup;
			children = (
				9D3B11D529BB86810064FEAF /* RSSRepository.swift */,
				9D3B11D929BCBA490064FEAF /* RSSFeed.swift */,
				9D3B11E429BE20E50064FEAF /* NetworkDataSource.swift */,
				9D3B11E629BE20FB0064FEAF /* CacheDataSource.swift */,
			);
			path = DataLayer;
			sourceTree = "<group>";
		};
		9D3B11DB29BCBB290064FEAF /* UIState */ = {
			isa = PBXGroup;
			children = (
				9D3B11DC29BCBB380064FEAF /* HomViewModel.swift */,
			);
			path = UIState;
			sourceTree = "<group>";
		};
/* End PBXGroup section */

/* Begin PBXNativeTarget section */
		9D3B11BE29BB7E510064FEAF /* RSSReader */ = {
			isa = PBXNativeTarget;
			buildConfigurationList = 9D3B11CD29BB7E520064FEAF /* Build configuration list for PBXNativeTarget "RSSReader" */;
			buildPhases = (
				9D3B11BB29BB7E510064FEAF /* Sources */,
				9D3B11BC29BB7E510064FEAF /* Frameworks */,
				9D3B11BD29BB7E510064FEAF /* Resources */,
			);
			buildRules = (
			);
			dependencies = (
			);
			name = RSSReader;
			packageProductDependencies = (
				9D3B11D329BB86390064FEAF /* FeedKit */,
			);
			productName = RSSReader;
			productReference = 9D3B11BF29BB7E510064FEAF /* RSSReader.app */;
			productType = "com.apple.product-type.application";
		};
/* End PBXNativeTarget section */

/* Begin PBXProject section */
		9D3B11B729BB7E510064FEAF /* Project object */ = {
			isa = PBXProject;
			attributes = {
				BuildIndependentTargetsInParallel = 1;
				LastSwiftUpdateCheck = 1420;
				LastUpgradeCheck = 1420;
				TargetAttributes = {
					9D3B11BE29BB7E510064FEAF = {
						CreatedOnToolsVersion = 14.2;
					};
				};
			};
			buildConfigurationList = 9D3B11BA29BB7E510064FEAF /* Build configuration list for PBXProject "RSSReader" */;
			compatibilityVersion = "Xcode 14.0";
			developmentRegion = en;
			hasScannedForEncodings = 0;
			knownRegions = (
				en,
				Base,
			);
			mainGroup = 9D3B11B629BB7E510064FEAF;
			packageReferences = (
				9D3B11D229BB86390064FEAF /* XCRemoteSwiftPackageReference "FeedKit" */,
			);
			productRefGroup = 9D3B11C029BB7E510064FEAF /* Products */;
			projectDirPath = "";
			projectRoot = "";
			targets = (
				9D3B11BE29BB7E510064FEAF /* RSSReader */,
			);
		};
/* End PBXProject section */

/* Begin PBXResourcesBuildPhase section */
		9D3B11BD29BB7E510064FEAF /* Resources */ = {
			isa = PBXResourcesBuildPhase;
			buildActionMask = 2147483647;
			files = (
				9D3B11CA29BB7E520064FEAF /* Preview Assets.xcassets in Resources */,
				9D3B11C729BB7E520064FEAF /* Assets.xcassets in Resources */,
			);
			runOnlyForDeploymentPostprocessing = 0;
		};
/* End PBXResourcesBuildPhase section */

/* Begin PBXSourcesBuildPhase section */
		9D3B11BB29BB7E510064FEAF /* Sources */ = {
			isa = PBXSourcesBuildPhase;
			buildActionMask = 2147483647;
			files = (
				9D3B11DA29BCBA490064FEAF /* RSSFeed.swift in Sources */,
				9D3B11DD29BCBB380064FEAF /* HomViewModel.swift in Sources */,
				9D3B11D129BB7F400064FEAF /* HomeView.swift in Sources */,
				9D3B11C529BB7E510064FEAF /* ContentView.swift in Sources */,
				9D3B11E129BCF92C0064FEAF /* FeedsView.swift in Sources */,
				9D3B11E329BE1DDE0064FEAF /* FeedContentView.swift in Sources */,
				9D3B11E929C3622D0064FEAF /* UIImage+Icon.swift in Sources */,
				9D3B11E729BE20FB0064FEAF /* CacheDataSource.swift in Sources */,
				9D3B11DF29BCC4680064FEAF /* Logger.swift in Sources */,
				9D3B11E529BE20E50064FEAF /* NetworkDataSource.swift in Sources */,
				9D3B11D629BB86810064FEAF /* RSSRepository.swift in Sources */,
				9D3B11C329BB7E510064FEAF /* RSSReaderApp.swift in Sources */,
			);
			runOnlyForDeploymentPostprocessing = 0;
		};
/* End PBXSourcesBuildPhase section */

/* Begin XCBuildConfiguration section */
		9D3B11CB29BB7E520064FEAF /* Debug */ = {
			isa = XCBuildConfiguration;
			buildSettings = {
				ALWAYS_SEARCH_USER_PATHS = NO;
				CLANG_ANALYZER_NONNULL = YES;
				CLANG_ANALYZER_NUMBER_OBJECT_CONVERSION = YES_AGGRESSIVE;
				CLANG_CXX_LANGUAGE_STANDARD = "gnu++20";
				CLANG_ENABLE_MODULES = YES;
				CLANG_ENABLE_OBJC_ARC = YES;
				CLANG_ENABLE_OBJC_WEAK = YES;
				CLANG_WARN_BLOCK_CAPTURE_AUTORELEASING = YES;
				CLANG_WARN_BOOL_CONVERSION = YES;
				CLANG_WARN_COMMA = YES;
				CLANG_WARN_CONSTANT_CONVERSION = YES;
				CLANG_WARN_DEPRECATED_OBJC_IMPLEMENTATIONS = YES;
				CLANG_WARN_DIRECT_OBJC_ISA_USAGE = YES_ERROR;
				CLANG_WARN_DOCUMENTATION_COMMENTS = YES;
				CLANG_WARN_EMPTY_BODY = YES;
				CLANG_WARN_ENUM_CONVERSION = YES;
				CLANG_WARN_INFINITE_RECURSION = YES;
				CLANG_WARN_INT_CONVERSION = YES;
				CLANG_WARN_NON_LITERAL_NULL_CONVERSION = YES;
				CLANG_WARN_OBJC_IMPLICIT_RETAIN_SELF = YES;
				CLANG_WARN_OBJC_LITERAL_CONVERSION = YES;
				CLANG_WARN_OBJC_ROOT_CLASS = YES_ERROR;
				CLANG_WARN_QUOTED_INCLUDE_IN_FRAMEWORK_HEADER = YES;
				CLANG_WARN_RANGE_LOOP_ANALYSIS = YES;
				CLANG_WARN_STRICT_PROTOTYPES = YES;
				CLANG_WARN_SUSPICIOUS_MOVE = YES;
				CLANG_WARN_UNGUARDED_AVAILABILITY = YES_AGGRESSIVE;
				CLANG_WARN_UNREACHABLE_CODE = YES;
				CLANG_WARN__DUPLICATE_METHOD_MATCH = YES;
				COPY_PHASE_STRIP = NO;
				DEBUG_INFORMATION_FORMAT = dwarf;
				ENABLE_STRICT_OBJC_MSGSEND = YES;
				ENABLE_TESTABILITY = YES;
				GCC_C_LANGUAGE_STANDARD = gnu11;
				GCC_DYNAMIC_NO_PIC = NO;
				GCC_NO_COMMON_BLOCKS = YES;
				GCC_OPTIMIZATION_LEVEL = 0;
				GCC_PREPROCESSOR_DEFINITIONS = (
					"DEBUG=1",
					"$(inherited)",
				);
				GCC_WARN_64_TO_32_BIT_CONVERSION = YES;
				GCC_WARN_ABOUT_RETURN_TYPE = YES_ERROR;
				GCC_WARN_UNDECLARED_SELECTOR = YES;
				GCC_WARN_UNINITIALIZED_AUTOS = YES_AGGRESSIVE;
				GCC_WARN_UNUSED_FUNCTION = YES;
				GCC_WARN_UNUSED_VARIABLE = YES;
				IPHONEOS_DEPLOYMENT_TARGET = 16.2;
				MTL_ENABLE_DEBUG_INFO = INCLUDE_SOURCE;
				MTL_FAST_MATH = YES;
				ONLY_ACTIVE_ARCH = YES;
				SDKROOT = iphoneos;
				SWIFT_ACTIVE_COMPILATION_CONDITIONS = DEBUG;
				SWIFT_OPTIMIZATION_LEVEL = "-Onone";
			};
			name = Debug;
		};
		9D3B11CC29BB7E520064FEAF /* Release */ = {
			isa = XCBuildConfiguration;
			buildSettings = {
				ALWAYS_SEARCH_USER_PATHS = NO;
				CLANG_ANALYZER_NONNULL = YES;
				CLANG_ANALYZER_NUMBER_OBJECT_CONVERSION = YES_AGGRESSIVE;
				CLANG_CXX_LANGUAGE_STANDARD = "gnu++20";
				CLANG_ENABLE_MODULES = YES;
				CLANG_ENABLE_OBJC_ARC = YES;
				CLANG_ENABLE_OBJC_WEAK = YES;
				CLANG_WARN_BLOCK_CAPTURE_AUTORELEASING = YES;
				CLANG_WARN_BOOL_CONVERSION = YES;
				CLANG_WARN_COMMA = YES;
				CLANG_WARN_CONSTANT_CONVERSION = YES;
				CLANG_WARN_DEPRECATED_OBJC_IMPLEMENTATIONS = YES;
				CLANG_WARN_DIRECT_OBJC_ISA_USAGE = YES_ERROR;
				CLANG_WARN_DOCUMENTATION_COMMENTS = YES;
				CLANG_WARN_EMPTY_BODY = YES;
				CLANG_WARN_ENUM_CONVERSION = YES;
				CLANG_WARN_INFINITE_RECURSION = YES;
				CLANG_WARN_INT_CONVERSION = YES;
				CLANG_WARN_NON_LITERAL_NULL_CONVERSION = YES;
				CLANG_WARN_OBJC_IMPLICIT_RETAIN_SELF = YES;
				CLANG_WARN_OBJC_LITERAL_CONVERSION = YES;
				CLANG_WARN_OBJC_ROOT_CLASS = YES_ERROR;
				CLANG_WARN_QUOTED_INCLUDE_IN_FRAMEWORK_HEADER = YES;
				CLANG_WARN_RANGE_LOOP_ANALYSIS = YES;
				CLANG_WARN_STRICT_PROTOTYPES = YES;
				CLANG_WARN_SUSPICIOUS_MOVE = YES;
				CLANG_WARN_UNGUARDED_AVAILABILITY = YES_AGGRESSIVE;
				CLANG_WARN_UNREACHABLE_CODE = YES;
				CLANG_WARN__DUPLICATE_METHOD_MATCH = YES;
				COPY_PHASE_STRIP = NO;
				DEBUG_INFORMATION_FORMAT = "dwarf-with-dsym";
				ENABLE_NS_ASSERTIONS = NO;
				ENABLE_STRICT_OBJC_MSGSEND = YES;
				GCC_C_LANGUAGE_STANDARD = gnu11;
				GCC_NO_COMMON_BLOCKS = YES;
				GCC_WARN_64_TO_32_BIT_CONVERSION = YES;
				GCC_WARN_ABOUT_RETURN_TYPE = YES_ERROR;
				GCC_WARN_UNDECLARED_SELECTOR = YES;
				GCC_WARN_UNINITIALIZED_AUTOS = YES_AGGRESSIVE;
				GCC_WARN_UNUSED_FUNCTION = YES;
				GCC_WARN_UNUSED_VARIABLE = YES;
				IPHONEOS_DEPLOYMENT_TARGET = 16.2;
				MTL_ENABLE_DEBUG_INFO = NO;
				MTL_FAST_MATH = YES;
				SDKROOT = iphoneos;
				SWIFT_COMPILATION_MODE = wholemodule;
				SWIFT_OPTIMIZATION_LEVEL = "-O";
				VALIDATE_PRODUCT = YES;
			};
			name = Release;
		};
		9D3B11CE29BB7E520064FEAF /* Debug */ = {
			isa = XCBuildConfiguration;
			buildSettings = {
				ASSETCATALOG_COMPILER_APPICON_NAME = AppIcon;
				ASSETCATALOG_COMPILER_GLOBAL_ACCENT_COLOR_NAME = AccentColor;
				CODE_SIGN_STYLE = Automatic;
				CURRENT_PROJECT_VERSION = 1;
				DEVELOPMENT_ASSET_PATHS = "\"RSSReader/Preview Content\"";
				DEVELOPMENT_TEAM = 3AL6EM4TNJ;
				ENABLE_PREVIEWS = YES;
				GENERATE_INFOPLIST_FILE = YES;
				INFOPLIST_KEY_UIApplicationSceneManifest_Generation = YES;
				INFOPLIST_KEY_UIApplicationSupportsIndirectInputEvents = YES;
				INFOPLIST_KEY_UILaunchScreen_Generation = YES;
				INFOPLIST_KEY_UISupportedInterfaceOrientations_iPad = "UIInterfaceOrientationPortrait UIInterfaceOrientationPortraitUpsideDown UIInterfaceOrientationLandscapeLeft UIInterfaceOrientationLandscapeRight";
				INFOPLIST_KEY_UISupportedInterfaceOrientations_iPhone = "UIInterfaceOrientationPortrait UIInterfaceOrientationLandscapeLeft UIInterfaceOrientationLandscapeRight";
				LD_RUNPATH_SEARCH_PATHS = (
					"$(inherited)",
					"@executable_path/Frameworks",
				);
				MARKETING_VERSION = 1.0;
				PRODUCT_BUNDLE_IDENTIFIER = com.qd.xx.RSSReader;
				PRODUCT_NAME = "$(TARGET_NAME)";
				SWIFT_EMIT_LOC_STRINGS = YES;
				SWIFT_VERSION = 5.0;
				TARGETED_DEVICE_FAMILY = "1,2";
			};
			name = Debug;
		};
		9D3B11CF29BB7E520064FEAF /* Release */ = {
			isa = XCBuildConfiguration;
			buildSettings = {
				ASSETCATALOG_COMPILER_APPICON_NAME = AppIcon;
				ASSETCATALOG_COMPILER_GLOBAL_ACCENT_COLOR_NAME = AccentColor;
				CODE_SIGN_STYLE = Automatic;
				CURRENT_PROJECT_VERSION = 1;
				DEVELOPMENT_ASSET_PATHS = "\"RSSReader/Preview Content\"";
				DEVELOPMENT_TEAM = 3AL6EM4TNJ;
				ENABLE_PREVIEWS = YES;
				GENERATE_INFOPLIST_FILE = YES;
				INFOPLIST_KEY_UIApplicationSceneManifest_Generation = YES;
				INFOPLIST_KEY_UIApplicationSupportsIndirectInputEvents = YES;
				INFOPLIST_KEY_UILaunchScreen_Generation = YES;
				INFOPLIST_KEY_UISupportedInterfaceOrientations_iPad = "UIInterfaceOrientationPortrait UIInterfaceOrientationPortraitUpsideDown UIInterfaceOrientationLandscapeLeft UIInterfaceOrientationLandscapeRight";
				INFOPLIST_KEY_UISupportedInterfaceOrientations_iPhone = "UIInterfaceOrientationPortrait UIInterfaceOrientationLandscapeLeft UIInterfaceOrientationLandscapeRight";
				LD_RUNPATH_SEARCH_PATHS = (
					"$(inherited)",
					"@executable_path/Frameworks",
				);
				MARKETING_VERSION = 1.0;
				PRODUCT_BUNDLE_IDENTIFIER = com.qd.xx.RSSReader;
				PRODUCT_NAME = "$(TARGET_NAME)";
				SWIFT_EMIT_LOC_STRINGS = YES;
				SWIFT_VERSION = 5.0;
				TARGETED_DEVICE_FAMILY = "1,2";
			};
			name = Release;
		};
/* End XCBuildConfiguration section */

/* Begin XCConfigurationList section */
		9D3B11BA29BB7E510064FEAF /* Build configuration list for PBXProject "RSSReader" */ = {
			isa = XCConfigurationList;
			buildConfigurations = (
				9D3B11CB29BB7E520064FEAF /* Debug */,
				9D3B11CC29BB7E520064FEAF /* Release */,
			);
			defaultConfigurationIsVisible = 0;
			defaultConfigurationName = Release;
		};
		9D3B11CD29BB7E520064FEAF /* Build configuration list for PBXNativeTarget "RSSReader" */ = {
			isa = XCConfigurationList;
			buildConfigurations = (
				9D3B11CE29BB7E520064FEAF /* Debug */,
				9D3B11CF29BB7E520064FEAF /* Release */,
			);
			defaultConfigurationIsVisible = 0;
			defaultConfigurationName = Release;
		};
/* End XCConfigurationList section */

/* Begin XCRemoteSwiftPackageReference section */
		9D3B11D229BB86390064FEAF /* XCRemoteSwiftPackageReference "FeedKit" */ = {
			isa = XCRemoteSwiftPackageReference;
			repositoryURL = "https://github.com/nmdias/FeedKit";
			requirement = {
				kind = upToNextMajorVersion;
				minimumVersion = 9.0.0;
			};
		};
/* End XCRemoteSwiftPackageReference section */

/* Begin XCSwiftPackageProductDependency section */
		9D3B11D329BB86390064FEAF /* FeedKit */ = {
			isa = XCSwiftPackageProductDependency;
			package = 9D3B11D229BB86390064FEAF /* XCRemoteSwiftPackageReference "FeedKit" */;
			productName = FeedKit;
		};
/* End XCSwiftPackageProductDependency section */
	};
	rootObject = 9D3B11B729BB7E510064FEAF /* Project object */;
}
